{
  "name": "@anchan828/gen-graphql-relay-schema",
  "version": "0.3.5",
  "lockfileVersion": 1,
  "requires": true,
  "dependencies": {
    "@types/graphql": {
      "version": "14.2.3",
      "resolved": "https://registry.npmjs.org/@types/graphql/-/graphql-14.2.3.tgz",
      "integrity": "sha512-UoCovaxbJIxagCvVfalfK7YaNhmxj3BQFRQ2RHQKLiu+9wNXhJnlbspsLHt/YQM99IaLUUFJNzCwzc6W0ypMeQ==",
      "dev": true
    },
    "deepmerge": {
      "version": "4.2.2",
      "resolved": "https://registry.npmjs.org/deepmerge/-/deepmerge-4.2.2.tgz",
      "integrity": "sha512-FJ3UgI4gIl+PHZm53knsuSFpE+nESMr7M4v9QcgB7S63Kj/6WqMiFQJpBBYz1Pt+66bZpP3Q7Lye0Oo9MPKEdg=="
    },
    "reflect-metadata": {
      "version": "0.1.13",
      "resolved": "https://registry.npmjs.org/reflect-metadata/-/reflect-metadata-0.1.13.tgz",
      "integrity": "sha512-Ts1Y/anZELhSsjMcU605fU9RE4Oi3p5ORujwbIKXfWa+0Zxs510Qrmrce5/Jowq3cHSZSJqBjypxmHarc+vEWg=="
    }
  }
}
