{
	"name": "@anchan828/gen-graphql-where-schema",
	"version": "0.6.31",
	"lockfileVersion": 2,
	"requires": true,
	"packages": {
		"": {
			"name": "@anchan828/gen-graphql-where-schema",
			"version": "0.6.30",
			"license": "MIT",
			"dependencies": {
				"deepmerge": "4.2.2",
				"object-path": "0.11.8",
				"reflect-metadata": "0.1.13"
			},
			"devDependencies": {
				"@types/object-path": "0.11.1"
			},
			"peerDependencies": {
				"graphql": "15.5.1"
			}
		},
		"node_modules/@types/object-path": {
			"version": "0.11.1",
			"resolved": "https://registry.npmjs.org/@types/object-path/-/object-path-0.11.1.tgz",
			"integrity": "sha512-219LSCO9HPcoXcRTC6DbCs0FRhZgBnEMzf16RRqkT40WbkKx3mOeQuz3e2XqbfhOz/AHfbru0kzB1n1RCAsIIg==",
			"dev": true
		},
		"node_modules/deepmerge": {
			"version": "4.2.2",
			"resolved": "https://registry.npmjs.org/deepmerge/-/deepmerge-4.2.2.tgz",
			"integrity": "sha512-FJ3UgI4gIl+PHZm53knsuSFpE+nESMr7M4v9QcgB7S63Kj/6WqMiFQJpBBYz1Pt+66bZpP3Q7Lye0Oo9MPKEdg==",
			"engines": {
				"node": ">=0.10.0"
			}
		},
		"node_modules/graphql": {
			"version": "15.5.1",
			"resolved": "https://registry.npmjs.org/graphql/-/graphql-15.5.1.tgz",
			"integrity": "sha512-FeTRX67T3LoE3LWAxxOlW2K3Bz+rMYAC18rRguK4wgXaTZMiJwSUwDmPFo3UadAKbzirKIg5Qy+sNJXbpPRnQw==",
			"peer": true,
			"engines": {
				"node": ">= 10.x"
			}
		},
		"node_modules/object-path": {
			"version": "0.11.8",
			"resolved": "https://registry.npmjs.org/object-path/-/object-path-0.11.8.tgz",
			"integrity": "sha512-YJjNZrlXJFM42wTBn6zgOJVar9KFJvzx6sTWDte8sWZF//cnjl0BxHNpfZx+ZffXX63A9q0b1zsFiBX4g4X5KA==",
			"engines": {
				"node": ">= 10.12.0"
			}
		},
		"node_modules/reflect-metadata": {
			"version": "0.1.13",
			"resolved": "https://registry.npmjs.org/reflect-metadata/-/reflect-metadata-0.1.13.tgz",
			"integrity": "sha512-Ts1Y/anZELhSsjMcU605fU9RE4Oi3p5ORujwbIKXfWa+0Zxs510Qrmrce5/Jowq3cHSZSJqBjypxmHarc+vEWg=="
		}
	},
	"dependencies": {
		"@types/object-path": {
			"version": "0.11.1",
			"resolved": "https://registry.npmjs.org/@types/object-path/-/object-path-0.11.1.tgz",
			"integrity": "sha512-219LSCO9HPcoXcRTC6DbCs0FRhZgBnEMzf16RRqkT40WbkKx3mOeQuz3e2XqbfhOz/AHfbru0kzB1n1RCAsIIg==",
			"dev": true
		},
		"deepmerge": {
			"version": "4.2.2",
			"resolved": "https://registry.npmjs.org/deepmerge/-/deepmerge-4.2.2.tgz",
			"integrity": "sha512-FJ3UgI4gIl+PHZm53knsuSFpE+nESMr7M4v9QcgB7S63Kj/6WqMiFQJpBBYz1Pt+66bZpP3Q7Lye0Oo9MPKEdg=="
		},
		"graphql": {
			"version": "15.5.1",
			"resolved": "https://registry.npmjs.org/graphql/-/graphql-15.5.1.tgz",
			"integrity": "sha512-FeTRX67T3LoE3LWAxxOlW2K3Bz+rMYAC18rRguK4wgXaTZMiJwSUwDmPFo3UadAKbzirKIg5Qy+sNJXbpPRnQw==",
			"peer": true
		},
		"object-path": {
			"version": "0.11.8",
			"resolved": "https://registry.npmjs.org/object-path/-/object-path-0.11.8.tgz",
			"integrity": "sha512-YJjNZrlXJFM42wTBn6zgOJVar9KFJvzx6sTWDte8sWZF//cnjl0BxHNpfZx+ZffXX63A9q0b1zsFiBX4g4X5KA=="
		},
		"reflect-metadata": {
			"version": "0.1.13",
			"resolved": "https://registry.npmjs.org/reflect-metadata/-/reflect-metadata-0.1.13.tgz",
			"integrity": "sha512-Ts1Y/anZELhSsjMcU605fU9RE4Oi3p5ORujwbIKXfWa+0Zxs510Qrmrce5/Jowq3cHSZSJqBjypxmHarc+vEWg=="
		}
	}
}
