{
	"name": "@anchan828/gen-graphql-merge-schema",
	"version": "0.6.39",
	"lockfileVersion": 2,
	"requires": true,
	"packages": {
		"": {
			"name": "@anchan828/gen-graphql-merge-schema",
			"version": "0.6.38",
			"license": "MIT",
			"dependencies": {
				"@graphql-tools/merge": "8.2.1",
				"deepmerge": "4.2.2"
			},
			"peerDependencies": {
				"graphql": "15.7.2"
			}
		},
		"node_modules/@graphql-tools/merge": {
			"version": "8.2.1",
			"resolved": "https://registry.npmjs.org/@graphql-tools/merge/-/merge-8.2.1.tgz",
			"integrity": "sha512-Q240kcUszhXiAYudjuJgNuLgy9CryDP3wp83NOZQezfA6h3ByYKU7xI6DiKrdjyVaGpYN3ppUmdj0uf5GaXzMA==",
			"dependencies": {
				"@graphql-tools/utils": "^8.5.1",
				"tslib": "~2.3.0"
			},
			"peerDependencies": {
				"graphql": "^14.0.0 || ^15.0.0 || ^16.0.0"
			}
		},
		"node_modules/@graphql-tools/utils": {
			"version": "8.5.1",
			"resolved": "https://registry.npmjs.org/@graphql-tools/utils/-/utils-8.5.1.tgz",
			"integrity": "sha512-V/OQVpj+Z05qW9ZdlJWSKzREYlgGEq+juV+pUy3JO9jI+sZo/W3oncuW9+1awwp/RkL0aZ9RgjL+XYOgCsmOLw==",
			"dependencies": {
				"tslib": "~2.3.0"
			},
			"peerDependencies": {
				"graphql": "^14.0.0 || ^15.0.0 || ^16.0.0"
			}
		},
		"node_modules/deepmerge": {
			"version": "4.2.2",
			"resolved": "https://registry.npmjs.org/deepmerge/-/deepmerge-4.2.2.tgz",
			"integrity": "sha512-FJ3UgI4gIl+PHZm53knsuSFpE+nESMr7M4v9QcgB7S63Kj/6WqMiFQJpBBYz1Pt+66bZpP3Q7Lye0Oo9MPKEdg==",
			"engines": {
				"node": ">=0.10.0"
			}
		},
		"node_modules/graphql": {
			"version": "15.7.2",
			"resolved": "https://registry.npmjs.org/graphql/-/graphql-15.7.2.tgz",
			"integrity": "sha512-AnnKk7hFQFmU/2I9YSQf3xw44ctnSFCfp3zE0N6W174gqe9fWG/2rKaKxROK7CcI3XtERpjEKFqts8o319Kf7A==",
			"peer": true,
			"engines": {
				"node": ">= 10.x"
			}
		},
		"node_modules/tslib": {
			"version": "2.3.1",
			"resolved": "https://registry.npmjs.org/tslib/-/tslib-2.3.1.tgz",
			"integrity": "sha512-77EbyPPpMz+FRFRuAFlWMtmgUWGe9UOG2Z25NqCwiIjRhOf5iKGuzSe5P2w1laq+FkRy4p+PCuVkJSGkzTEKVw=="
		}
	},
	"dependencies": {
		"@graphql-tools/merge": {
			"version": "8.2.1",
			"resolved": "https://registry.npmjs.org/@graphql-tools/merge/-/merge-8.2.1.tgz",
			"integrity": "sha512-Q240kcUszhXiAYudjuJgNuLgy9CryDP3wp83NOZQezfA6h3ByYKU7xI6DiKrdjyVaGpYN3ppUmdj0uf5GaXzMA==",
			"requires": {
				"@graphql-tools/utils": "^8.5.1",
				"tslib": "~2.3.0"
			}
		},
		"@graphql-tools/utils": {
			"version": "8.5.1",
			"resolved": "https://registry.npmjs.org/@graphql-tools/utils/-/utils-8.5.1.tgz",
			"integrity": "sha512-V/OQVpj+Z05qW9ZdlJWSKzREYlgGEq+juV+pUy3JO9jI+sZo/W3oncuW9+1awwp/RkL0aZ9RgjL+XYOgCsmOLw==",
			"requires": {
				"tslib": "~2.3.0"
			}
		},
		"deepmerge": {
			"version": "4.2.2",
			"resolved": "https://registry.npmjs.org/deepmerge/-/deepmerge-4.2.2.tgz",
			"integrity": "sha512-FJ3UgI4gIl+PHZm53knsuSFpE+nESMr7M4v9QcgB7S63Kj/6WqMiFQJpBBYz1Pt+66bZpP3Q7Lye0Oo9MPKEdg=="
		},
		"graphql": {
			"version": "15.7.2",
			"resolved": "https://registry.npmjs.org/graphql/-/graphql-15.7.2.tgz",
			"integrity": "sha512-AnnKk7hFQFmU/2I9YSQf3xw44ctnSFCfp3zE0N6W174gqe9fWG/2rKaKxROK7CcI3XtERpjEKFqts8o319Kf7A==",
			"peer": true
		},
		"tslib": {
			"version": "2.3.1",
			"resolved": "https://registry.npmjs.org/tslib/-/tslib-2.3.1.tgz",
			"integrity": "sha512-77EbyPPpMz+FRFRuAFlWMtmgUWGe9UOG2Z25NqCwiIjRhOf5iKGuzSe5P2w1laq+FkRy4p+PCuVkJSGkzTEKVw=="
		}
	}
}
